# This file is autogenerated, do not edit; changes may be undone by the next 'dep ensure'.


[[projects]]
  branch = "master"
  name = "github.com/computes/go-debug"
  packages = ["."]
  revision = "7cb67a40409f4bbd31b6d0e8eb8b662bbdd3e252"

[[projects]]
  name = "github.com/computes/ipfs-http-api"
  packages = [
    "dag",
    "http"
  ]
  revision = "f67497dbb9e2e184e66c760fa6c9285ee107e4e1"
  version = "v7.0.0"

[solve-meta]
  analyzer-name = "dep"
  analyzer-version = 1
  inputs-digest = "d6a58cf604f44a8782d2ae0d74ce880702a2a4bf90cc97283840c1392a35d0b8"
  solver-name = "gps-cdcl"
  solver-version = 1
