# This file is autogenerated, do not edit; changes may be undone by the next 'dep ensure'.


[[projects]]
  branch = "master"
  name = "github.com/computes/go-debug"
  packages = ["."]
  revision = "7cb67a40409f4bbd31b6d0e8eb8b662bbdd3e252"

[[projects]]
  name = "github.com/computes/ipfs-http-api"
  packages = [
    "dag",
    "http"
  ]
  revision = "31af148be16bb62bf45557e2db8c50b7c3c8c1a3"
  version = "v8.4.0"

[[projects]]
  name = "github.com/pkg/errors"
  packages = ["."]
  revision = "645ef00459ed84a119197bfb8d8205042c6df63d"
  version = "v0.8.0"

[solve-meta]
  analyzer-name = "dep"
  analyzer-version = 1
  inputs-digest = "123abd1abfc59da53f6d629f7a0ea8805cbf6ebea32bfae1329e10f0ae9b5c30"
  solver-name = "gps-cdcl"
  solver-version = 1
